
Microsoft Visual Studio Solution File, Format Version 12.00
# Visual Studio Version 17
VisualStudioVersion = 17.7.34221.43
MinimumVisualStudioVersion = 10.0.40219.1
Project("{9A19103F-16F7-4668-BE54-9A1E7A4F7556}") = "FunctionApp3", "FunctionApp3\FunctionApp3.csproj", "{4691836E-2282-408F-8AC8-FE9E753EBFAC}"
EndProject
Global
	GlobalSection(SolutionConfigurationPlatforms) = preSolution
		Debug|Any CPU = Debug|Any CPU
		Release|Any CPU = Release|Any CPU
	EndGlobalSection
	GlobalSection(ProjectConfigurationPlatforms) = postSolution
		{4691836E-2282-408F-8AC8-FE9E753EBFAC}.Debug|Any CPU.ActiveCfg = Debug|Any CPU
		{4691836E-2282-408F-8AC8-FE9E753EBFAC}.Debug|Any CPU.Build.0 = Debug|Any CPU
		{4691836E-2282-408F-8AC8-FE9E753EBFAC}.Release|Any CPU.ActiveCfg = Release|Any CPU
		{4691836E-2282-408F-8AC8-FE9E753EBFAC}.Release|Any CPU.Build.0 = Release|Any CPU
	EndGlobalSection
	GlobalSection(SolutionProperties) = preSolution
		HideSolutionNode = FALSE
	EndGlobalSection
	GlobalSection(ExtensibilityGlobals) = postSolution
		SolutionGuid = {0BB8525B-9818-4734-941B-9B6B5D2BF641}
	EndGlobalSection
EndGlobal
